
Microsoft Visual Studio Solution File, Format Version 12.00
# Visual Studio Version 16
VisualStudioVersion = 16.0.32630.194
MinimumVisualStudioVersion = 10.0.40219.1
Project("{FAE04EC0-301F-11D3-BF4B-00C04F79EFBC}") = "ConsoleApp1", "ConsoleApp1.csproj", "{021F5869-9489-4A10-A5BC-8080AE49EC1C}"
EndProject
Global
	GlobalSection(SolutionConfigurationPlatforms) = preSolution
		Debug|Any CPU = Debug|Any CPU
		Release|Any CPU = Release|Any CPU
	EndGlobalSection
	GlobalSection(ProjectConfigurationPlatforms) = postSolution
		{021F5869-9489-4A10-A5BC-8080AE49EC1C}.Debug|Any CPU.ActiveCfg = Debug|Any CPU
		{021F5869-9489-4A10-A5BC-8080AE49EC1C}.Debug|Any CPU.Build.0 = Debug|Any CPU
		{021F5869-9489-4A10-A5BC-8080AE49EC1C}.Release|Any CPU.ActiveCfg = Release|Any CPU
		{021F5869-9489-4A10-A5BC-8080AE49EC1C}.Release|Any CPU.Build.0 = Release|Any CPU
	EndGlobalSection
	GlobalSection(SolutionProperties) = preSolution
		HideSolutionNode = FALSE
	EndGlobalSection
	GlobalSection(ExtensibilityGlobals) = postSolution
		SolutionGuid = {1C1BC1A5-9F55-4CAA-BEB4-9B669DE7CD67}
	EndGlobalSection
EndGlobal
